
Microsoft Visual Studio Solution File, Format Version 12.00
# Visual Studio Version 17
VisualStudioVersion = 17.13.35931.197 d17.13
MinimumVisualStudioVersion = 10.0.40219.1
Project("{FAE04EC0-301F-11D3-BF4B-00C04F79EFBC}") = "YSA_AYCAN", "YSA_AYCAN\YSA_AYCAN.csproj", "{7876FE4D-ABEA-4217-9285-92F614AE7919}"
EndProject
Global
	GlobalSection(SolutionConfigurationPlatforms) = preSolution
		Debug|Any CPU = Debug|Any CPU
		Release|Any CPU = Release|Any CPU
	EndGlobalSection
	GlobalSection(ProjectConfigurationPlatforms) = postSolution
		{7876FE4D-ABEA-4217-9285-92F614AE7919}.Debug|Any CPU.ActiveCfg = Debug|Any CPU
		{7876FE4D-ABEA-4217-9285-92F614AE7919}.Debug|Any CPU.Build.0 = Debug|Any CPU
		{7876FE4D-ABEA-4217-9285-92F614AE7919}.Release|Any CPU.ActiveCfg = Release|Any CPU
		{7876FE4D-ABEA-4217-9285-92F614AE7919}.Release|Any CPU.Build.0 = Release|Any CPU
	EndGlobalSection
	GlobalSection(SolutionProperties) = preSolution
		HideSolutionNode = FALSE
	EndGlobalSection
	GlobalSection(ExtensibilityGlobals) = postSolution
		SolutionGuid = {F19DED6B-FCF5-4820-8F68-CF1BBC76AD49}
	EndGlobalSection
EndGlobal
